
Microsoft Visual Studio Solution File, Format Version 12.00
# Visual Studio Version 16
VisualStudioVersion = 16.0.29306.81
MinimumVisualStudioVersion = 10.0.40219.1
Project("{8BC9CEB8-8B4A-11D0-8D11-00A0C91BC942}") = "Searching", "Searching.vcxproj", "{DEC30145-9461-4302-9402-A63C74F2726C}"
EndProject
Global
	GlobalSection(SolutionConfigurationPlatforms) = preSolution
		Debug|x64 = Debug|x64
		Debug|x86 = Debug|x86
		Release|x64 = Release|x64
		Release|x86 = Release|x86
	EndGlobalSection
	GlobalSection(ProjectConfigurationPlatforms) = postSolution
		{DEC30145-9461-4302-9402-A63C74F2726C}.Debug|x64.ActiveCfg = Debug|x64
		{DEC30145-9461-4302-9402-A63C74F2726C}.Debug|x64.Build.0 = Debug|x64
		{DEC30145-9461-4302-9402-A63C74F2726C}.Debug|x86.ActiveCfg = Debug|Win32
		{DEC30145-9461-4302-9402-A63C74F2726C}.Debug|x86.Build.0 = Debug|Win32
		{DEC30145-9461-4302-9402-A63C74F2726C}.Release|x64.ActiveCfg = Release|x64
		{DEC30145-9461-4302-9402-A63C74F2726C}.Release|x64.Build.0 = Release|x64
		{DEC30145-9461-4302-9402-A63C74F2726C}.Release|x86.ActiveCfg = Release|Win32
		{DEC30145-9461-4302-9402-A63C74F2726C}.Release|x86.Build.0 = Release|Win32
	EndGlobalSection
	GlobalSection(SolutionProperties) = preSolution
		HideSolutionNode = FALSE
	EndGlobalSection
	GlobalSection(ExtensibilityGlobals) = postSolution
		SolutionGuid = {3CB08DE6-A300-4763-B990-5BA9F2F46446}
	EndGlobalSection
EndGlobal
